
Microsoft Visual Studio Solution File, Format Version 12.00
# Visual Studio Version 16
VisualStudioVersion = 16.0.30517.126
MinimumVisualStudioVersion = 10.0.40219.1
Project("{FAE04EC0-301F-11D3-BF4B-00C04F79EFBC}") = "BooleanLogicalOperators", "BooleanLogicalOperators\BooleanLogicalOperators.csproj", "{0CA1CB20-A2BF-4FD2-813C-1C05084644CD}"
EndProject
Project("{FAE04EC0-301F-11D3-BF4B-00C04F79EFBC}") = "Login", "Login\Login.csproj", "{C03F06F4-9BA5-489E-B539-8A68339E3533}"
EndProject
Global
	GlobalSection(SolutionConfigurationPlatforms) = preSolution
		Debug|Any CPU = Debug|Any CPU
		Release|Any CPU = Release|Any CPU
	EndGlobalSection
	GlobalSection(ProjectConfigurationPlatforms) = postSolution
		{0CA1CB20-A2BF-4FD2-813C-1C05084644CD}.Debug|Any CPU.ActiveCfg = Debug|Any CPU
		{0CA1CB20-A2BF-4FD2-813C-1C05084644CD}.Debug|Any CPU.Build.0 = Debug|Any CPU
		{0CA1CB20-A2BF-4FD2-813C-1C05084644CD}.Release|Any CPU.ActiveCfg = Release|Any CPU
		{0CA1CB20-A2BF-4FD2-813C-1C05084644CD}.Release|Any CPU.Build.0 = Release|Any CPU
		{C03F06F4-9BA5-489E-B539-8A68339E3533}.Debug|Any CPU.ActiveCfg = Debug|Any CPU
		{C03F06F4-9BA5-489E-B539-8A68339E3533}.Debug|Any CPU.Build.0 = Debug|Any CPU
		{C03F06F4-9BA5-489E-B539-8A68339E3533}.Release|Any CPU.ActiveCfg = Release|Any CPU
		{C03F06F4-9BA5-489E-B539-8A68339E3533}.Release|Any CPU.Build.0 = Release|Any CPU
	EndGlobalSection
	GlobalSection(SolutionProperties) = preSolution
		HideSolutionNode = FALSE
	EndGlobalSection
	GlobalSection(ExtensibilityGlobals) = postSolution
		SolutionGuid = {0314164A-799B-41F2-A59E-FF5CCB2D6EF8}
	EndGlobalSection
EndGlobal
